
Microsoft Visual Studio Solution File, Format Version 12.00
# Visual Studio Version 16
VisualStudioVersion = 16.0.29418.71
MinimumVisualStudioVersion = 10.0.40219.1
Project("{FAE04EC0-301F-11D3-BF4B-00C04F79EFBC}") = "WindowsFormsAppTASKImportant", "WindowsFormsAppTASKImportant\WindowsFormsAppTASKImportant.csproj", "{C6C2DB28-9781-46BE-95EF-6A696B876470}"
EndProject
Project("{FAE04EC0-301F-11D3-BF4B-00C04F79EFBC}") = "WindowsFormsContact", "WindowsFormsContact\WindowsFormsContact.csproj", "{FA093938-9B36-4487-B3D6-6EC6DD1B579B}"
EndProject
Project("{00D1A9C2-B5F0-4AF3-8072-F6C62B433612}") = "ContactDatabase", "ContactDatabase\ContactDatabase.sqlproj", "{9AEDF13B-EFB6-4AE3-A8A8-E3797D101850}"
EndProject
Global
	GlobalSection(SolutionConfigurationPlatforms) = preSolution
		Debug|Any CPU = Debug|Any CPU
		Release|Any CPU = Release|Any CPU
	EndGlobalSection
	GlobalSection(ProjectConfigurationPlatforms) = postSolution
		{C6C2DB28-9781-46BE-95EF-6A696B876470}.Debug|Any CPU.ActiveCfg = Debug|Any CPU
		{C6C2DB28-9781-46BE-95EF-6A696B876470}.Debug|Any CPU.Build.0 = Debug|Any CPU
		{C6C2DB28-9781-46BE-95EF-6A696B876470}.Release|Any CPU.ActiveCfg = Release|Any CPU
		{C6C2DB28-9781-46BE-95EF-6A696B876470}.Release|Any CPU.Build.0 = Release|Any CPU
		{FA093938-9B36-4487-B3D6-6EC6DD1B579B}.Debug|Any CPU.ActiveCfg = Debug|Any CPU
		{FA093938-9B36-4487-B3D6-6EC6DD1B579B}.Debug|Any CPU.Build.0 = Debug|Any CPU
		{FA093938-9B36-4487-B3D6-6EC6DD1B579B}.Release|Any CPU.ActiveCfg = Release|Any CPU
		{FA093938-9B36-4487-B3D6-6EC6DD1B579B}.Release|Any CPU.Build.0 = Release|Any CPU
		{9AEDF13B-EFB6-4AE3-A8A8-E3797D101850}.Debug|Any CPU.ActiveCfg = Debug|Any CPU
		{9AEDF13B-EFB6-4AE3-A8A8-E3797D101850}.Debug|Any CPU.Build.0 = Debug|Any CPU
		{9AEDF13B-EFB6-4AE3-A8A8-E3797D101850}.Debug|Any CPU.Deploy.0 = Debug|Any CPU
		{9AEDF13B-EFB6-4AE3-A8A8-E3797D101850}.Release|Any CPU.ActiveCfg = Release|Any CPU
		{9AEDF13B-EFB6-4AE3-A8A8-E3797D101850}.Release|Any CPU.Build.0 = Release|Any CPU
		{9AEDF13B-EFB6-4AE3-A8A8-E3797D101850}.Release|Any CPU.Deploy.0 = Release|Any CPU
	EndGlobalSection
	GlobalSection(SolutionProperties) = preSolution
		HideSolutionNode = FALSE
	EndGlobalSection
	GlobalSection(ExtensibilityGlobals) = postSolution
		SolutionGuid = {C93B9A77-A50E-4050-8956-EB3DEF5E6284}
	EndGlobalSection
EndGlobal
